// !$*UTF8*$!
{
	archiveVersion = 1;
	classes = {
	};
	objectVersion = 46;
	objects = {

/* Begin PBXBuildFile section */
		F27C2B441B17043500DF9B2C /* main.m in Sources */ = {isa = PBXBuildFile; fileRef = F27C2B431B17043500DF9B2C /* main.m */; };
		F27C2B471B17043500DF9B2C /* AppDelegate.m in Sources */ = {isa = PBXBuildFile; fileRef = F27C2B461B17043500DF9B2C /* AppDelegate.m */; };
		F27C2B4A1B17043500DF9B2C /* ClipImageDemo.xcdatamodeld in Sources */ = {isa = PBXBuildFile; fileRef = F27C2B481B17043500DF9B2C /* ClipImageDemo.xcdatamodeld */; };
		F27C2B4D1B17043500DF9B2C /* ViewController.m in Sources */ = {isa = PBXBuildFile; fileRef = F27C2B4C1B17043500DF9B2C /* ViewController.m */; };
		F27C2B501B17043500DF9B2C /* Main.storyboard in Resources */ = {isa = PBXBuildFile; fileRef = F27C2B4E1B17043500DF9B2C /* Main.storyboard */; };
		F27C2B521B17043500DF9B2C /* Images.xcassets in Resources */ = {isa = PBXBuildFile; fileRef = F27C2B511B17043500DF9B2C /* Images.xcassets */; };
		F27C2B551B17043500DF9B2C /* LaunchScreen.xib in Resources */ = {isa = PBXBuildFile; fileRef = F27C2B531B17043500DF9B2C /* LaunchScreen.xib */; };
		F27C2B611B17043500DF9B2C /* ClipImageDemoTests.m in Sources */ = {isa = PBXBuildFile; fileRef = F27C2B601B17043500DF9B2C /* ClipImageDemoTests.m */; };
		F27C2B6B1B1706B500DF9B2C /* user_back_03@2x.png in Resources */ = {isa = PBXBuildFile; fileRef = F27C2B6A1B1706B500DF9B2C /* user_back_03@2x.png */; };
/* End PBXBuildFile section */

/* Begin PBXContainerItemProxy section */
		F27C2B5B1B17043500DF9B2C /* PBXContainerItemProxy */ = {
			isa = PBXContainerItemProxy;
			containerPortal = F27C2B361B17043500DF9B2C /* Project object */;
			proxyType = 1;
			remoteGlobalIDString = F27C2B3D1B17043500DF9B2C;
			remoteInfo = ClipImageDemo;
		};
/* End PBXContainerItemProxy section */

/* Begin PBXFileReference section */
		F27C2B3E1B17043500DF9B2C /* ClipImageDemo.app */ = {isa = PBXFileReference; explicitFileType = wrapper.application; includeInIndex = 0; path = ClipImageDemo.app; sourceTree = BUILT_PRODUCTS_DIR; };
		F27C2B421B17043500DF9B2C /* Info.plist */ = {isa = PBXFileReference; lastKnownFileType = text.plist.xml; path = Info.plist; sourceTree = "<group>"; };
		F27C2B431B17043500DF9B2C /* main.m */ = {isa = PBXFileReference; lastKnownFileType = sourcecode.c.objc; path = main.m; sourceTree = "<group>"; };
		F27C2B451B17043500DF9B2C /* AppDelegate.h */ = {isa = PBXFileReference; lastKnownFileType = sourcecode.c.h; path = AppDelegate.h; sourceTree = "<group>"; };
		F27C2B461B17043500DF9B2C /* AppDelegate.m */ = {isa = PBXFileReference; lastKnownFileType = sourcecode.c.objc; path = AppDelegate.m; sourceTree = "<group>"; };
		F27C2B491B17043500DF9B2C /* ClipImageDemo.xcdatamodel */ = {isa = PBXFileReference; lastKnownFileType = wrapper.xcdatamodel; path = ClipImageDemo.xcdatamodel; sourceTree = "<group>"; };
		F27C2B4B1B17043500DF9B2C /* ViewController.h */ = {isa = PBXFileReference; lastKnownFileType = sourcecode.c.h; path = ViewController.h; sourceTree = "<group>"; };
		F27C2B4C1B17043500DF9B2C /* ViewController.m */ = {isa = PBXFileReference; lastKnownFileType = sourcecode.c.objc; path = ViewController.m; sourceTree = "<group>"; };
		F27C2B4F1B17043500DF9B2C /* Base */ = {isa = PBXFileReference; lastKnownFileType = file.storyboard; name = Base; path = Base.lproj/Main.storyboard; sourceTree = "<group>"; };
		F27C2B511B17043500DF9B2C /* Images.xcassets */ = {isa = PBXFileReference; lastKnownFileType = folder.assetcatalog; path = Images.xcassets; sourceTree = "<group>"; };
		F27C2B541B17043500DF9B2C /* Base */ = {isa = PBXFileReference; lastKnownFileType = file.xib; name = Base; path = Base.lproj/LaunchScreen.xib; sourceTree = "<group>"; };
		F27C2B5A1B17043500DF9B2C /* ClipImageDemoTests.xctest */ = {isa = PBXFileReference; explicitFileType = wrapper.cfbundle; includeInIndex = 0; path = ClipImageDemoTests.xctest; sourceTree = BUILT_PRODUCTS_DIR; };
		F27C2B5F1B17043500DF9B2C /* Info.plist */ = {isa = PBXFileReference; lastKnownFileType = text.plist.xml; path = Info.plist; sourceTree = "<group>"; };
		F27C2B601B17043500DF9B2C /* ClipImageDemoTests.m */ = {isa = PBXFileReference; lastKnownFileType = sourcecode.c.objc; path = ClipImageDemoTests.m; sourceTree = "<group>"; };
		F27C2B6A1B1706B500DF9B2C /* user_back_03@2x.png */ = {isa = PBXFileReference; lastKnownFileType = image.png; path = "user_back_03@2x.png"; sourceTree = "<group>"; };
/* End PBXFileReference section */

/* Begin PBXFrameworksBuildPhase section */
		F27C2B3B1B17043500DF9B2C /* Frameworks */ = {
			isa = PBXFrameworksBuildPhase;
			buildActionMask = 2147483647;
			files = (
			);
			runOnlyForDeploymentPostprocessing = 0;
		};
		F27C2B571B17043500DF9B2C /* Frameworks */ = {
			isa = PBXFrameworksBuildPhase;
			buildActionMask = 2147483647;
			files = (
			);
			runOnlyForDeploymentPostprocessing = 0;
		};
/* End PBXFrameworksBuildPhase section */

/* Begin PBXGroup section */
		F27C2B351B17043500DF9B2C = {
			isa = PBXGroup;
			children = (
				F27C2B401B17043500DF9B2C /* ClipImageDemo */,
				F27C2B5D1B17043500DF9B2C /* ClipImageDemoTests */,
				F27C2B3F1B17043500DF9B2C /* Products */,
			);
			sourceTree = "<group>";
		};
		F27C2B3F1B17043500DF9B2C /* Products */ = {
			isa = PBXGroup;
			children = (
				F27C2B3E1B17043500DF9B2C /* ClipImageDemo.app */,
				F27C2B5A1B17043500DF9B2C /* ClipImageDemoTests.xctest */,
			);
			name = Products;
			sourceTree = "<group>";
		};
		F27C2B401B17043500DF9B2C /* ClipImageDemo */ = {
			isa = PBXGroup;
			children = (
				F27C2B451B17043500DF9B2C /* AppDelegate.h */,
				F27C2B461B17043500DF9B2C /* AppDelegate.m */,
				F27C2B4B1B17043500DF9B2C /* ViewController.h */,
				F27C2B4C1B17043500DF9B2C /* ViewController.m */,
				F27C2B4E1B17043500DF9B2C /* Main.storyboard */,
				F27C2B511B17043500DF9B2C /* Images.xcassets */,
				F27C2B531B17043500DF9B2C /* LaunchScreen.xib */,
				F27C2B481B17043500DF9B2C /* ClipImageDemo.xcdatamodeld */,
				F27C2B6A1B1706B500DF9B2C /* user_back_03@2x.png */,
				F27C2B411B17043500DF9B2C /* Supporting Files */,
			);
			path = ClipImageDemo;
			sourceTree = "<group>";
		};
		F27C2B411B17043500DF9B2C /* Supporting Files */ = {
			isa = PBXGroup;
			children = (
				F27C2B421B17043500DF9B2C /* Info.plist */,
				F27C2B431B17043500DF9B2C /* main.m */,
			);
			name = "Supporting Files";
			sourceTree = "<group>";
		};
		F27C2B5D1B17043500DF9B2C /* ClipImageDemoTests */ = {
			isa = PBXGroup;
			children = (
				F27C2B601B17043500DF9B2C /* ClipImageDemoTests.m */,
				F27C2B5E1B17043500DF9B2C /* Supporting Files */,
			);
			path = ClipImageDemoTests;
			sourceTree = "<group>";
		};
		F27C2B5E1B17043500DF9B2C /* Supporting Files */ = {
			isa = PBXGroup;
			children = (
				F27C2B5F1B17043500DF9B2C /* Info.plist */,
			);
			name = "Supporting Files";
			sourceTree = "<group>";
		};
/* End PBXGroup section */

/* Begin PBXNativeTarget section */
		F27C2B3D1B17043500DF9B2C /* ClipImageDemo */ = {
			isa = PBXNativeTarget;
			buildConfigurationList = F27C2B641B17043500DF9B2C /* Build configuration list for PBXNativeTarget "ClipImageDemo" */;
			buildPhases = (
				F27C2B3A1B17043500DF9B2C /* Sources */,
				F27C2B3B1B17043500DF9B2C /* Frameworks */,
				F27C2B3C1B17043500DF9B2C /* Resources */,
			);
			buildRules = (
			);
			dependencies = (
			);
			name = ClipImageDemo;
			productName = ClipImageDemo;
			productReference = F27C2B3E1B17043500DF9B2C /* ClipImageDemo.app */;
			productType = "com.apple.product-type.application";
		};
		F27C2B591B17043500DF9B2C /* ClipImageDemoTests */ = {
			isa = PBXNativeTarget;
			buildConfigurationList = F27C2B671B17043500DF9B2C /* Build configuration list for PBXNativeTarget "ClipImageDemoTests" */;
			buildPhases = (
				F27C2B561B17043500DF9B2C /* Sources */,
				F27C2B571B17043500DF9B2C /* Frameworks */,
				F27C2B581B17043500DF9B2C /* Resources */,
			);
			buildRules = (
			);
			dependencies = (
				F27C2B5C1B17043500DF9B2C /* PBXTargetDependency */,
			);
			name = ClipImageDemoTests;
			productName = ClipImageDemoTests;
			productReference = F27C2B5A1B17043500DF9B2C /* ClipImageDemoTests.xctest */;
			productType = "com.apple.product-type.bundle.unit-test";
		};
/* End PBXNativeTarget section */

/* Begin PBXProject section */
		F27C2B361B17043500DF9B2C /* Project object */ = {
			isa = PBXProject;
			attributes = {
				LastUpgradeCheck = 0630;
				ORGANIZATIONNAME = New_Life;
				TargetAttributes = {
					F27C2B3D1B17043500DF9B2C = {
						CreatedOnToolsVersion = 6.3.2;
					};
					F27C2B591B17043500DF9B2C = {
						CreatedOnToolsVersion = 6.3.2;
						TestTargetID = F27C2B3D1B17043500DF9B2C;
					};
				};
			};
			buildConfigurationList = F27C2B391B17043500DF9B2C /* Build configuration list for PBXProject "ClipImageDemo" */;
			compatibilityVersion = "Xcode 3.2";
			developmentRegion = English;
			hasScannedForEncodings = 0;
			knownRegions = (
				en,
				Base,
			);
			mainGroup = F27C2B351B17043500DF9B2C;
			productRefGroup = F27C2B3F1B17043500DF9B2C /* Products */;
			projectDirPath = "";
			projectRoot = "";
			targets = (
				F27C2B3D1B17043500DF9B2C /* ClipImageDemo */,
				F27C2B591B17043500DF9B2C /* ClipImageDemoTests */,
			);
		};
/* End PBXProject section */

/* Begin PBXResourcesBuildPhase section */
		F27C2B3C1B17043500DF9B2C /* Resources */ = {
			isa = PBXResourcesBuildPhase;
			buildActionMask = 2147483647;
			files = (
				F27C2B501B17043500DF9B2C /* Main.storyboard in Resources */,
				F27C2B6B1B1706B500DF9B2C /* user_back_03@2x.png in Resources */,
				F27C2B551B17043500DF9B2C /* LaunchScreen.xib in Resources */,
				F27C2B521B17043500DF9B2C /* Images.xcassets in Resources */,
			);
			runOnlyForDeploymentPostprocessing = 0;
		};
		F27C2B581B17043500DF9B2C /* Resources */ = {
			isa = PBXResourcesBuildPhase;
			buildActionMask = 2147483647;
			files = (
			);
			runOnlyForDeploymentPostprocessing = 0;
		};
/* End PBXResourcesBuildPhase section */

/* Begin PBXSourcesBuildPhase section */
		F27C2B3A1B17043500DF9B2C /* Sources */ = {
			isa = PBXSourcesBuildPhase;
			buildActionMask = 2147483647;
			files = (
				F27C2B471B17043500DF9B2C /* AppDelegate.m in Sources */,
				F27C2B441B17043500DF9B2C /* main.m in Sources */,
				F27C2B4D1B17043500DF9B2C /* ViewController.m in Sources */,
				F27C2B4A1B17043500DF9B2C /* ClipImageDemo.xcdatamodeld in Sources */,
			);
			runOnlyForDeploymentPostprocessing = 0;
		};
		F27C2B561B17043500DF9B2C /* Sources */ = {
			isa = PBXSourcesBuildPhase;
			buildActionMask = 2147483647;
			files = (
				F27C2B611B17043500DF9B2C /* ClipImageDemoTests.m in Sources */,
			);
			runOnlyForDeploymentPostprocessing = 0;
		};
/* End PBXSourcesBuildPhase section */

/* Begin PBXTargetDependency section */
		F27C2B5C1B17043500DF9B2C /* PBXTargetDependency */ = {
			isa = PBXTargetDependency;
			target = F27C2B3D1B17043500DF9B2C /* ClipImageDemo */;
			targetProxy = F27C2B5B1B17043500DF9B2C /* PBXContainerItemProxy */;
		};
/* End PBXTargetDependency section */

/* Begin PBXVariantGroup section */
		F27C2B4E1B17043500DF9B2C /* Main.storyboard */ = {
			isa = PBXVariantGroup;
			children = (
				F27C2B4F1B17043500DF9B2C /* Base */,
			);
			name = Main.storyboard;
			sourceTree = "<group>";
		};
		F27C2B531B17043500DF9B2C /* LaunchScreen.xib */ = {
			isa = PBXVariantGroup;
			children = (
				F27C2B541B17043500DF9B2C /* Base */,
			);
			name = LaunchScreen.xib;
			sourceTree = "<group>";
		};
/* End PBXVariantGroup section */

/* Begin XCBuildConfiguration section */
		F27C2B621B17043500DF9B2C /* Debug */ = {
			isa = XCBuildConfiguration;
			buildSettings = {
				ALWAYS_SEARCH_USER_PATHS = NO;
				CLANG_CXX_LANGUAGE_STANDARD = "gnu++0x";
				CLANG_CXX_LIBRARY = "libc++";
				CLANG_ENABLE_MODULES = YES;
				CLANG_ENABLE_OBJC_ARC = YES;
				CLANG_WARN_BOOL_CONVERSION = YES;
				CLANG_WARN_CONSTANT_CONVERSION = YES;
				CLANG_WARN_DIRECT_OBJC_ISA_USAGE = YES_ERROR;
				CLANG_WARN_EMPTY_BODY = YES;
				CLANG_WARN_ENUM_CONVERSION = YES;
				CLANG_WARN_INT_CONVERSION = YES;
				CLANG_WARN_OBJC_ROOT_CLASS = YES_ERROR;
				CLANG_WARN_UNREACHABLE_CODE = YES;
				CLANG_WARN__DUPLICATE_METHOD_MATCH = YES;
				"CODE_SIGN_IDENTITY[sdk=iphoneos*]" = "iPhone Developer";
				COPY_PHASE_STRIP = NO;
				DEBUG_INFORMATION_FORMAT = "dwarf-with-dsym";
				ENABLE_STRICT_OBJC_MSGSEND = YES;
				GCC_C_LANGUAGE_STANDARD = gnu99;
				GCC_DYNAMIC_NO_PIC = NO;
				GCC_NO_COMMON_BLOCKS = YES;
				GCC_OPTIMIZATION_LEVEL = 0;
				GCC_PREPROCESSOR_DEFINITIONS = (
					"DEBUG=1",
					"$(inherited)",
				);
				GCC_SYMBOLS_PRIVATE_EXTERN = NO;
				GCC_WARN_64_TO_32_BIT_CONVERSION = YES;
				GCC_WARN_ABOUT_RETURN_TYPE = YES_ERROR;
				GCC_WARN_UNDECLARED_SELECTOR = YES;
				GCC_WARN_UNINITIALIZED_AUTOS = YES_AGGRESSIVE;
				GCC_WARN_UNUSED_FUNCTION = YES;
				GCC_WARN_UNUSED_VARIABLE = YES;
				IPHONEOS_DEPLOYMENT_TARGET = 8.3;
				MTL_ENABLE_DEBUG_INFO = YES;
				ONLY_ACTIVE_ARCH = YES;
				SDKROOT = iphoneos;
				TARGETED_DEVICE_FAMILY = "1,2";
			};
			name = Debug;
		};
		F27C2B631B17043500DF9B2C /* Release */ = {
			isa = XCBuildConfiguration;
			buildSettings = {
				ALWAYS_SEARCH_USER_PATHS = NO;
				CLANG_CXX_LANGUAGE_STANDARD = "gnu++0x";
				CLANG_CXX_LIBRARY = "libc++";
				CLANG_ENABLE_MODULES = YES;
				CLANG_ENABLE_OBJC_ARC = YES;
				CLANG_WARN_BOOL_CONVERSION = YES;
				CLANG_WARN_CONSTANT_CONVERSION = YES;
				CLANG_WARN_DIRECT_OBJC_ISA_USAGE = YES_ERROR;
				CLANG_WARN_EMPTY_BODY = YES;
				CLANG_WARN_ENUM_CONVERSION = YES;
				CLANG_WARN_INT_CONVERSION = YES;
				CLANG_WARN_OBJC_ROOT_CLASS = YES_ERROR;
				CLANG_WARN_UNREACHABLE_CODE = YES;
				CLANG_WARN__DUPLICATE_METHOD_MATCH = YES;
				"CODE_SIGN_IDENTITY[sdk=iphoneos*]" = "iPhone Developer";
				COPY_PHASE_STRIP = NO;
				DEBUG_INFORMATION_FORMAT = "dwarf-with-dsym";
				ENABLE_NS_ASSERTIONS = NO;
				ENABLE_STRICT_OBJC_MSGSEND = YES;
				GCC_C_LANGUAGE_STANDARD = gnu99;
				GCC_NO_COMMON_BLOCKS = YES;
				GCC_WARN_64_TO_32_BIT_CONVERSION = YES;
				GCC_WARN_ABOUT_RETURN_TYPE = YES_ERROR;
				GCC_WARN_UNDECLARED_SELECTOR = YES;
				GCC_WARN_UNINITIALIZED_AUTOS = YES_AGGRESSIVE;
				GCC_WARN_UNUSED_FUNCTION = YES;
				GCC_WARN_UNUSED_VARIABLE = YES;
				IPHONEOS_DEPLOYMENT_TARGET = 8.3;
				MTL_ENABLE_DEBUG_INFO = NO;
				SDKROOT = iphoneos;
				TARGETED_DEVICE_FAMILY = "1,2";
				VALIDATE_PRODUCT = YES;
			};
			name = Release;
		};
		F27C2B651B17043500DF9B2C /* Debug */ = {
			isa = XCBuildConfiguration;
			buildSettings = {
				ASSETCATALOG_COMPILER_APPICON_NAME = AppIcon;
				INFOPLIST_FILE = ClipImageDemo/Info.plist;
				LD_RUNPATH_SEARCH_PATHS = "$(inherited) @executable_path/Frameworks";
				PRODUCT_NAME = "$(TARGET_NAME)";
			};
			name = Debug;
		};
		F27C2B661B17043500DF9B2C /* Release */ = {
			isa = XCBuildConfiguration;
			buildSettings = {
				ASSETCATALOG_COMPILER_APPICON_NAME = AppIcon;
				INFOPLIST_FILE = ClipImageDemo/Info.plist;
				LD_RUNPATH_SEARCH_PATHS = "$(inherited) @executable_path/Frameworks";
				PRODUCT_NAME = "$(TARGET_NAME)";
			};
			name = Release;
		};
		F27C2B681B17043500DF9B2C /* Debug */ = {
			isa = XCBuildConfiguration;
			buildSettings = {
				BUNDLE_LOADER = "$(TEST_HOST)";
				FRAMEWORK_SEARCH_PATHS = (
					"$(SDKROOT)/Developer/Library/Frameworks",
					"$(inherited)",
				);
				GCC_PREPROCESSOR_DEFINITIONS = (
					"DEBUG=1",
					"$(inherited)",
				);
				INFOPLIST_FILE = ClipImageDemoTests/Info.plist;
				LD_RUNPATH_SEARCH_PATHS = "$(inherited) @executable_path/Frameworks @loader_path/Frameworks";
				PRODUCT_NAME = "$(TARGET_NAME)";
				TEST_HOST = "$(BUILT_PRODUCTS_DIR)/ClipImageDemo.app/ClipImageDemo";
			};
			name = Debug;
		};
		F27C2B691B17043500DF9B2C /* Release */ = {
			isa = XCBuildConfiguration;
			buildSettings = {
				BUNDLE_LOADER = "$(TEST_HOST)";
				FRAMEWORK_SEARCH_PATHS = (
					"$(SDKROOT)/Developer/Library/Frameworks",
					"$(inherited)",
				);
				INFOPLIST_FILE = ClipImageDemoTests/Info.plist;
				LD_RUNPATH_SEARCH_PATHS = "$(inherited) @executable_path/Frameworks @loader_path/Frameworks";
				PRODUCT_NAME = "$(TARGET_NAME)";
				TEST_HOST = "$(BUILT_PRODUCTS_DIR)/ClipImageDemo.app/ClipImageDemo";
			};
			name = Release;
		};
/* End XCBuildConfiguration section */

/* Begin XCConfigurationList section */
		F27C2B391B17043500DF9B2C /* Build configuration list for PBXProject "ClipImageDemo" */ = {
			isa = XCConfigurationList;
			buildConfigurations = (
				F27C2B621B17043500DF9B2C /* Debug */,
				F27C2B631B17043500DF9B2C /* Release */,
			);
			defaultConfigurationIsVisible = 0;
			defaultConfigurationName = Release;
		};
		F27C2B641B17043500DF9B2C /* Build configuration list for PBXNativeTarget "ClipImageDemo" */ = {
			isa = XCConfigurationList;
			buildConfigurations = (
				F27C2B651B17043500DF9B2C /* Debug */,
				F27C2B661B17043500DF9B2C /* Release */,
			);
			defaultConfigurationIsVisible = 0;
		};
		F27C2B671B17043500DF9B2C /* Build configuration list for PBXNativeTarget "ClipImageDemoTests" */ = {
			isa = XCConfigurationList;
			buildConfigurations = (
				F27C2B681B17043500DF9B2C /* Debug */,
				F27C2B691B17043500DF9B2C /* Release */,
			);
			defaultConfigurationIsVisible = 0;
		};
/* End XCConfigurationList section */

/* Begin XCVersionGroup section */
		F27C2B481B17043500DF9B2C /* ClipImageDemo.xcdatamodeld */ = {
			isa = XCVersionGroup;
			children = (
				F27C2B491B17043500DF9B2C /* ClipImageDemo.xcdatamodel */,
			);
			currentVersion = F27C2B491B17043500DF9B2C /* ClipImageDemo.xcdatamodel */;
			path = ClipImageDemo.xcdatamodeld;
			sourceTree = "<group>";
			versionGroupType = wrapper.xcdatamodel;
		};
/* End XCVersionGroup section */
	};
	rootObject = F27C2B361B17043500DF9B2C /* Project object */;
}
